
Microsoft Visual Studio Solution File, Format Version 12.00
# Visual Studio Version 17
VisualStudioVersion = 17.6.33829.357
MinimumVisualStudioVersion = 10.0.40219.1
Project("{FAE04EC0-301F-11D3-BF4B-00C04F79EFBC}") = "BasstahalakMS", "BasstahalakMS\BasstahalakMS.csproj", "{9B6E1306-0BED-4A14-AE3C-F368A4A62C2A}"
EndProject
Global
	GlobalSection(SolutionConfigurationPlatforms) = preSolution
		Debug|Any CPU = Debug|Any CPU
		Release|Any CPU = Release|Any CPU
	EndGlobalSection
	GlobalSection(ProjectConfigurationPlatforms) = postSolution
		{9B6E1306-0BED-4A14-AE3C-F368A4A62C2A}.Debug|Any CPU.ActiveCfg = Debug|Any CPU
		{9B6E1306-0BED-4A14-AE3C-F368A4A62C2A}.Debug|Any CPU.Build.0 = Debug|Any CPU
		{9B6E1306-0BED-4A14-AE3C-F368A4A62C2A}.Release|Any CPU.ActiveCfg = Release|Any CPU
		{9B6E1306-0BED-4A14-AE3C-F368A4A62C2A}.Release|Any CPU.Build.0 = Release|Any CPU
	EndGlobalSection
	GlobalSection(SolutionProperties) = preSolution
		HideSolutionNode = FALSE
	EndGlobalSection
	GlobalSection(ExtensibilityGlobals) = postSolution
		SolutionGuid = {C479ACCF-9F06-4240-9E71-0866D5DF7737}
	EndGlobalSection
EndGlobal
